{
  "R": {
    "Version": "4.3.2",
    "Repositories": [
      {
        "Name": "CRAN",
        "URL": "https://packagemanager.posit.co/cran/latest"
      }
    ]
  },
  "Packages": {
    "MASS": {
      "Package": "MASS",
      "Version": "7.3-60",
      "Source": "Repository",
      "Repository": "CRAN",
      "Requirements": [
        "R",
        "grDevices",
        "graphics",
        "methods",
        "stats",
        "utils"
      ],
      "Hash": "a56a6365b3fa73293ea8d084be0d9bb0"
    },
    "R6": {
      "Package": "R6",
      "Version": "2.5.1",
      "Source": "Repository",
      "Repository": "CRAN",
      "Requirements": [
        "R"
      ],
      "Hash": "470851b6d5d0ac559e9d01bb352b4021"
    },
    "Rcpp": {
      "Package": "Rcpp",
      "Version": "1.0.13-1",
      "Source": "Repository",
      "Repository": "CRAN",
      "Requirements": [
        "methods",
        "utils"
      ],
      "Hash": "6b868847b365672d6c1677b1608da9ed"
    },
    "backports": {
      "Package": "backports",
      "Version": "1.5.0",
      "Source": "Repository",
      "Repository": "CRAN",
      "Requirements": [
        "R"
      ],
      "Hash": "e1e1b9d75c37401117b636b7ae50827a"
    },
    "base64enc": {
      "Package": "base64enc",
      "Version": "0.1-3",
      "Source": "Repository",
      "Repository": "CRAN",
      "Requirements": [
        "R"
      ],
      "Hash": "543776ae6848fde2f48ff3816d0628bc"
    },
    "checkmate": {
      "Package": "checkmate",
      "Version": "2.3.2",
      "Source": "Repository",
      "Repository": "CRAN",
      "Requirements": [
        "R",
        "backports",
        "utils"
      ],
      "Hash": "0e14e01ce07e7c88fd25de6d4260d26b"
    },
    "cli": {
      "Package": "cli",
      "Version": "3.6.3",
      "Source": "Repository",
      "Repository": "CRAN",
      "Requirements": [
        "R",
        "utils"
      ],
      "Hash": "b21916dd77a27642b447374a5d30ecf3"
    },
    "codetools": {
      "Package": "codetools",
      "Version": "0.2-19",
      "Source": "Repository",
      "Repository": "CRAN",
      "Requirements": [
        "R"
      ],
      "Hash": "c089a619a7fae175d149d89164f8c7d8"
    },
    "cpp11": {
      "Package": "cpp11",
      "Version": "0.5.1",
      "Source": "Repository",
      "Repository": "CRAN",
      "Requirements": [
        "R"
      ],
      "Hash": "9df43854f1c84685d095ed6270b52387"
    },
    "crayon": {
      "Package": "crayon",
      "Version": "1.5.3",
      "Source": "Repository",
      "Repository": "CRAN",
      "Requirements": [
        "grDevices",
        "methods",
        "utils"
      ],
      "Hash": "859d96e65ef198fd43e82b9628d593ef"
    },
    "curl": {
      "Package": "curl",
      "Version": "6.0.1",
      "Source": "Repository",
      "Repository": "CRAN",
      "Requirements": [
        "R"
      ],
      "Hash": "e8ba62486230951fcd2b881c5be23f96"
    },
    "digest": {
      "Package": "digest",
      "Version": "0.6.37",
      "Source": "Repository",
      "Repository": "CRAN",
      "Requirements": [
        "R",
        "utils"
      ],
      "Hash": "33698c4b3127fc9f506654607fb73676"
    },
    "dplyr": {
      "Package": "dplyr",
      "Version": "1.1.4",
      "Source": "Repository",
      "Repository": "CRAN",
      "Requirements": [
        "R",
        "R6",
        "cli",
        "generics",
        "glue",
        "lifecycle",
        "magrittr",
        "methods",
        "pillar",
        "rlang",
        "tibble",
        "tidyselect",
        "utils",
        "vctrs"
      ],
      "Hash": "fedd9d00c2944ff00a0e2696ccf048ec"
    },
    "fansi": {
      "Package": "fansi",
      "Version": "1.0.6",
      "Source": "Repository",
      "Repository": "CRAN",
      "Requirements": [
        "R",
        "grDevices",
        "utils"
      ],
      "Hash": "962174cf2aeb5b9eea581522286a911f"
    },
    "fastmap": {
      "Package": "fastmap",
      "Version": "1.2.0",
      "Source": "Repository",
      "Repository": "CRAN",
      "Hash": "aa5e1cd11c2d15497494c5292d7ffcc8"
    },
    "generics": {
      "Package": "generics",
      "Version": "0.1.3",
      "Source": "Repository",
      "Repository": "CRAN",
      "Requirements": [
        "R",
        "methods"
      ],
      "Hash": "15e9634c0fcd294799e9b2e929ed1b86"
    },
    "glue": {
      "Package": "glue",
      "Version": "1.8.0",
      "Source": "Repository",
      "Repository": "CRAN",
      "Requirements": [
        "R",
        "methods"
      ],
      "Hash": "5899f1eaa825580172bb56c08266f37c"
    },
    "htmltools": {
      "Package": "htmltools",
      "Version": "0.5.8.1",
      "Source": "Repository",
      "Repository": "CRAN",
      "Requirements": [
        "R",
        "base64enc",
        "digest",
        "fastmap",
        "grDevices",
        "rlang",
        "utils"
      ],
      "Hash": "81d371a9cc60640e74e4ab6ac46dcedc"
    },
    "lifecycle": {
      "Package": "lifecycle",
      "Version": "1.0.4",
      "Source": "Repository",
      "Repository": "CRAN",
      "Requirements": [
        "R",
        "cli",
        "glue",
        "rlang"
      ],
      "Hash": "b8552d117e1b808b09a832f589b79035"
    },
    "lobstr": {
      "Package": "lobstr",
      "Version": "1.1.2",
      "Source": "Repository",
      "Repository": "CRAN",
      "Requirements": [
        "R",
        "cpp11",
        "crayon",
        "methods",
        "prettyunits",
        "rlang"
      ],
      "Hash": "f2a94f8fc9db382a642e965339635ad6"
    },
    "lubridate": {
      "Package": "lubridate",
      "Version": "1.9.4",
      "Source": "Repository",
      "Repository": "CRAN",
      "Requirements": [
        "R",
        "generics",
        "methods",
        "timechange"
      ],
      "Hash": "be38bc740fc51783a78edb5a157e4104"
    },
    "magick": {
      "Package": "magick",
      "Version": "2.8.5",
      "Source": "Repository",
      "Repository": "CRAN",
      "Requirements": [
        "Rcpp",
        "curl",
        "magrittr"
      ],
      "Hash": "9bba16130de599cfe8e6a644911d7f32"
    },
    "magrittr": {
      "Package": "magrittr",
      "Version": "2.0.3",
      "Source": "Repository",
      "Repository": "CRAN",
      "Requirements": [
        "R"
      ],
      "Hash": "7ce2733a9826b3aeb1775d56fd305472"
    },
    "matrixStats": {
      "Package": "matrixStats",
      "Version": "1.4.1",
      "Source": "Repository",
      "Repository": "CRAN",
      "Requirements": [
        "R"
      ],
      "Hash": "8885ffb1f46e820dede6b2ca9442abca"
    },
    "pander": {
      "Package": "pander",
      "Version": "0.6.5",
      "Source": "Repository",
      "Repository": "CRAN",
      "Requirements": [
        "R",
        "Rcpp",
        "digest",
        "grDevices",
        "graphics",
        "methods",
        "stats",
        "tools",
        "utils"
      ],
      "Hash": "737924139a1e4fc96356ff377c754c35"
    },
    "pillar": {
      "Package": "pillar",
      "Version": "1.10.0",
      "Source": "Repository",
      "Repository": "CRAN",
      "Requirements": [
        "cli",
        "glue",
        "lifecycle",
        "rlang",
        "utf8",
        "utils",
        "vctrs"
      ],
      "Hash": "101ca350beea21261a15ba169d7a8513"
    },
    "pkgconfig": {
      "Package": "pkgconfig",
      "Version": "2.0.3",
      "Source": "Repository",
      "Repository": "CRAN",
      "Requirements": [
        "utils"
      ],
      "Hash": "01f28d4278f15c76cddbea05899c5d6f"
    },
    "plyr": {
      "Package": "plyr",
      "Version": "1.8.9",
      "Source": "Repository",
      "Repository": "CRAN",
      "Requirements": [
        "R",
        "Rcpp"
      ],
      "Hash": "6b8177fd19982f0020743fadbfdbd933"
    },
    "prettyunits": {
      "Package": "prettyunits",
      "Version": "1.2.0",
      "Source": "Repository",
      "Repository": "CRAN",
      "Requirements": [
        "R"
      ],
      "Hash": "6b01fc98b1e86c4f705ce9dcfd2f57c7"
    },
    "pryr": {
      "Package": "pryr",
      "Version": "0.1.6",
      "Source": "Repository",
      "Repository": "CRAN",
      "Requirements": [
        "R",
        "Rcpp",
        "codetools",
        "lobstr",
        "methods",
        "stringr"
      ],
      "Hash": "cfcbe960eca81ceca61df5fa622693de"
    },
    "purrr": {
      "Package": "purrr",
      "Version": "1.0.2",
      "Source": "Repository",
      "Repository": "CRAN",
      "Requirements": [
        "R",
        "cli",
        "lifecycle",
        "magrittr",
        "rlang",
        "vctrs"
      ],
      "Hash": "1cba04a4e9414bdefc9dcaa99649a8dc"
    },
    "rapportools": {
      "Package": "rapportools",
      "Version": "1.1",
      "Source": "Repository",
      "Repository": "CRAN",
      "Requirements": [
        "MASS",
        "pander",
        "plyr",
        "reshape2"
      ],
      "Hash": "25516ea66b1ed264e8c4a32b5d210770"
    },
    "renv": {
      "Package": "renv",
      "Version": "1.0.11",
      "Source": "Repository",
      "Repository": "CRAN",
      "Requirements": [
        "utils"
      ],
      "Hash": "47623f66b4e80b3b0587bc5d7b309888"
    },
    "reshape2": {
      "Package": "reshape2",
      "Version": "1.4.4",
      "Source": "Repository",
      "Repository": "CRAN",
      "Requirements": [
        "R",
        "Rcpp",
        "plyr",
        "stringr"
      ],
      "Hash": "bb5996d0bd962d214a11140d77589917"
    },
    "rlang": {
      "Package": "rlang",
      "Version": "1.1.4",
      "Source": "Repository",
      "Repository": "CRAN",
      "Requirements": [
        "R",
        "utils"
      ],
      "Hash": "3eec01f8b1dee337674b2e34ab1f9bc1"
    },
    "stringi": {
      "Package": "stringi",
      "Version": "1.8.4",
      "Source": "Repository",
      "Repository": "CRAN",
      "Requirements": [
        "R",
        "stats",
        "tools",
        "utils"
      ],
      "Hash": "39e1144fd75428983dc3f63aa53dfa91"
    },
    "stringr": {
      "Package": "stringr",
      "Version": "1.5.1",
      "Source": "Repository",
      "Repository": "CRAN",
      "Requirements": [
        "R",
        "cli",
        "glue",
        "lifecycle",
        "magrittr",
        "rlang",
        "stringi",
        "vctrs"
      ],
      "Hash": "960e2ae9e09656611e0b8214ad543207"
    },
    "summarytools": {
      "Package": "summarytools",
      "Version": "1.0.1",
      "Source": "Repository",
      "Repository": "CRAN",
      "Requirements": [
        "R",
        "base64enc",
        "checkmate",
        "dplyr",
        "grDevices",
        "htmltools",
        "lubridate",
        "magick",
        "matrixStats",
        "methods",
        "pander",
        "pryr",
        "rapportools",
        "stats",
        "tcltk",
        "tibble",
        "tidyr",
        "utils"
      ],
      "Hash": "1946d61226cb38beca83108d6e7ed7c9"
    },
    "tibble": {
      "Package": "tibble",
      "Version": "3.2.1",
      "Source": "Repository",
      "Repository": "CRAN",
      "Requirements": [
        "R",
        "fansi",
        "lifecycle",
        "magrittr",
        "methods",
        "pillar",
        "pkgconfig",
        "rlang",
        "utils",
        "vctrs"
      ],
      "Hash": "a84e2cc86d07289b3b6f5069df7a004c"
    },
    "tidyr": {
      "Package": "tidyr",
      "Version": "1.3.1",
      "Source": "Repository",
      "Repository": "CRAN",
      "Requirements": [
        "R",
        "cli",
        "cpp11",
        "dplyr",
        "glue",
        "lifecycle",
        "magrittr",
        "purrr",
        "rlang",
        "stringr",
        "tibble",
        "tidyselect",
        "utils",
        "vctrs"
      ],
      "Hash": "915fb7ce036c22a6a33b5a8adb712eb1"
    },
    "tidyselect": {
      "Package": "tidyselect",
      "Version": "1.2.1",
      "Source": "Repository",
      "Repository": "CRAN",
      "Requirements": [
        "R",
        "cli",
        "glue",
        "lifecycle",
        "rlang",
        "vctrs",
        "withr"
      ],
      "Hash": "829f27b9c4919c16b593794a6344d6c0"
    },
    "timechange": {
      "Package": "timechange",
      "Version": "0.3.0",
      "Source": "Repository",
      "Repository": "CRAN",
      "Requirements": [
        "R",
        "cpp11"
      ],
      "Hash": "c5f3c201b931cd6474d17d8700ccb1c8"
    },
    "utf8": {
      "Package": "utf8",
      "Version": "1.2.4",
      "Source": "Repository",
      "Repository": "CRAN",
      "Requirements": [
        "R"
      ],
      "Hash": "62b65c52671e6665f803ff02954446e9"
    },
    "vctrs": {
      "Package": "vctrs",
      "Version": "0.6.5",
      "Source": "Repository",
      "Repository": "CRAN",
      "Requirements": [
        "R",
        "cli",
        "glue",
        "lifecycle",
        "rlang"
      ],
      "Hash": "c03fa420630029418f7e6da3667aac4a"
    },
    "withr": {
      "Package": "withr",
      "Version": "3.0.2",
      "Source": "Repository",
      "Repository": "CRAN",
      "Requirements": [
        "R",
        "grDevices",
        "graphics"
      ],
      "Hash": "cc2d62c76458d425210d1eb1478b30b4"
    }
  }
}
